
Microsoft Visual Studio Solution File, Format Version 12.00
# Visual Studio Version 16
VisualStudioVersion = 16.0.28922.388
MinimumVisualStudioVersion = 10.0.40219.1
Project("{FAE04EC0-301F-11D3-BF4B-00C04F79EFBC}") = "FootballManager", "FootballManager\FootballManager.csproj", "{828DCA34-FD08-40E9-BC30-FC6EAE5CF22E}"
EndProject
Global
	GlobalSection(SolutionConfigurationPlatforms) = preSolution
		Debug|Any CPU = Debug|Any CPU
		Release|Any CPU = Release|Any CPU
	EndGlobalSection
	GlobalSection(ProjectConfigurationPlatforms) = postSolution
		{828DCA34-FD08-40E9-BC30-FC6EAE5CF22E}.Debug|Any CPU.ActiveCfg = Debug|Any CPU
		{828DCA34-FD08-40E9-BC30-FC6EAE5CF22E}.Debug|Any CPU.Build.0 = Debug|Any CPU
		{828DCA34-FD08-40E9-BC30-FC6EAE5CF22E}.Release|Any CPU.ActiveCfg = Release|Any CPU
		{828DCA34-FD08-40E9-BC30-FC6EAE5CF22E}.Release|Any CPU.Build.0 = Release|Any CPU
	EndGlobalSection
	GlobalSection(SolutionProperties) = preSolution
		HideSolutionNode = FALSE
	EndGlobalSection
	GlobalSection(ExtensibilityGlobals) = postSolution
		SolutionGuid = {B5BDD016-C045-40E9-B5AB-81C11840761A}
	EndGlobalSection
EndGlobal
